<?xml version="1.0" encoding="utf-8"?>
<Project ToolsVersion="16.0" xmlns="http://schemas.microsoft.com/developer/msbuild/2003">
  <ItemGroup>
    <CustomBuild Include="D:\repos\nori2\nori\ext\nanogui\ext\glfw\src\CMakeLists.txt" />
  </ItemGroup>
  <ItemGroup>
    <Object Include="D:\repos\nori2\tt\ext_build\nanogui\ext_build\glfw\src\glfw_objects.dir\$(Configuration)\context.obj">
      <Filter>Object Libraries</Filter>
    </Object>
    <Object Include="D:\repos\nori2\tt\ext_build\nanogui\ext_build\glfw\src\glfw_objects.dir\$(Configuration)\init.obj">
      <Filter>Object Libraries</Filter>
    </Object>
    <Object Include="D:\repos\nori2\tt\ext_build\nanogui\ext_build\glfw\src\glfw_objects.dir\$(Configuration)\input.obj">
      <Filter>Object Libraries</Filter>
    </Object>
    <Object Include="D:\repos\nori2\tt\ext_build\nanogui\ext_build\glfw\src\glfw_objects.dir\$(Configuration)\monitor.obj">
      <Filter>Object Libraries</Filter>
    </Object>
    <Object Include="D:\repos\nori2\tt\ext_build\nanogui\ext_build\glfw\src\glfw_objects.dir\$(Configuration)\vulkan.obj">
      <Filter>Object Libraries</Filter>
    </Object>
    <Object Include="D:\repos\nori2\tt\ext_build\nanogui\ext_build\glfw\src\glfw_objects.dir\$(Configuration)\window.obj">
      <Filter>Object Libraries</Filter>
    </Object>
    <Object Include="D:\repos\nori2\tt\ext_build\nanogui\ext_build\glfw\src\glfw_objects.dir\$(Configuration)\win32_init.obj">
      <Filter>Object Libraries</Filter>
    </Object>
    <Object Include="D:\repos\nori2\tt\ext_build\nanogui\ext_build\glfw\src\glfw_objects.dir\$(Configuration)\win32_joystick.obj">
      <Filter>Object Libraries</Filter>
    </Object>
    <Object Include="D:\repos\nori2\tt\ext_build\nanogui\ext_build\glfw\src\glfw_objects.dir\$(Configuration)\win32_monitor.obj">
      <Filter>Object Libraries</Filter>
    </Object>
    <Object Include="D:\repos\nori2\tt\ext_build\nanogui\ext_build\glfw\src\glfw_objects.dir\$(Configuration)\win32_time.obj">
      <Filter>Object Libraries</Filter>
    </Object>
    <Object Include="D:\repos\nori2\tt\ext_build\nanogui\ext_build\glfw\src\glfw_objects.dir\$(Configuration)\win32_tls.obj">
      <Filter>Object Libraries</Filter>
    </Object>
    <Object Include="D:\repos\nori2\tt\ext_build\nanogui\ext_build\glfw\src\glfw_objects.dir\$(Configuration)\win32_window.obj">
      <Filter>Object Libraries</Filter>
    </Object>
    <Object Include="D:\repos\nori2\tt\ext_build\nanogui\ext_build\glfw\src\glfw_objects.dir\$(Configuration)\wgl_context.obj">
      <Filter>Object Libraries</Filter>
    </Object>
    <Object Include="D:\repos\nori2\tt\ext_build\nanogui\ext_build\glfw\src\glfw_objects.dir\$(Configuration)\egl_context.obj">
      <Filter>Object Libraries</Filter>
    </Object>
  </ItemGroup>
  <ItemGroup>
    <Filter Include="Object Libraries">
      <UniqueIdentifier>{B7B319CF-E06D-3397-8DE6-42712C7A6745}</UniqueIdentifier>
    </Filter>
  </ItemGroup>
</Project>
