Microsoft Visual Studio Solution File, Format Version 12.00
# Visual Studio 16
Project("{2150E333-8FDC-42A3-9474-1A3956D46DE8}") = "CMakePredefinedTargets", "CMakePredefinedTargets", "{66A7D9D8-A056-35E4-A818-56238DBA0668}"
EndProject
Project("{2150E333-8FDC-42A3-9474-1A3956D46DE8}") = "dependencies", "dependencies", "{058BE0AB-BC1C-3226-91EF-0FF0F05D366B}"
EndProject
Project("{8BC9CEB8-8B4A-11D0-8D11-00A0C91BC942}") = "ALL_BUILD", "ALL_BUILD.vcxproj", "{8EC117B3-9BB3-3A4F-BEAA-B575F9B79C4B}"
	ProjectSection(ProjectDependencies) = postProject
		{17521FC8-9ABB-3111-BE46-D37E578A7F21} = {17521FC8-9ABB-3111-BE46-D37E578A7F21}
		{F5D4EE7B-84E6-3B48-A04E-813F14F397B4} = {F5D4EE7B-84E6-3B48-A04E-813F14F397B4}
		{AC1D2D76-5D3D-3DE0-8321-74DCA9E4F21E} = {AC1D2D76-5D3D-3DE0-8321-74DCA9E4F21E}
		{A86B9929-DA4D-3660-A1D1-3B9DD4AF3B5C} = {A86B9929-DA4D-3660-A1D1-3B9DD4AF3B5C}
		{355F932D-CBA7-31C1-BD80-A946DAD5974C} = {355F932D-CBA7-31C1-BD80-A946DAD5974C}
		{D273361D-2BE6-33A7-9E6E-F0915C2F4238} = {D273361D-2BE6-33A7-9E6E-F0915C2F4238}
		{952AA2C2-8E87-3F1E-B96C-B6459B4DCEDD} = {952AA2C2-8E87-3F1E-B96C-B6459B4DCEDD}
		{89A57AAF-8832-353A-A2E0-763291226FE6} = {89A57AAF-8832-353A-A2E0-763291226FE6}
	EndProjectSection
EndProject
Project("{8BC9CEB8-8B4A-11D0-8D11-00A0C91BC942}") = "Half", "Half\Half.vcxproj", "{17521FC8-9ABB-3111-BE46-D37E578A7F21}"
	ProjectSection(ProjectDependencies) = postProject
		{D273361D-2BE6-33A7-9E6E-F0915C2F4238} = {D273361D-2BE6-33A7-9E6E-F0915C2F4238}
		{952AA2C2-8E87-3F1E-B96C-B6459B4DCEDD} = {952AA2C2-8E87-3F1E-B96C-B6459B4DCEDD}
		{89A57AAF-8832-353A-A2E0-763291226FE6} = {89A57AAF-8832-353A-A2E0-763291226FE6}
	EndProjectSection
EndProject
Project("{8BC9CEB8-8B4A-11D0-8D11-00A0C91BC942}") = "INSTALL", "INSTALL.vcxproj", "{44B4BCDC-AFA1-3736-9DBC-7BEF0244F95D}"
	ProjectSection(ProjectDependencies) = postProject
		{8EC117B3-9BB3-3A4F-BEAA-B575F9B79C4B} = {8EC117B3-9BB3-3A4F-BEAA-B575F9B79C4B}
		{D273361D-2BE6-33A7-9E6E-F0915C2F4238} = {D273361D-2BE6-33A7-9E6E-F0915C2F4238}
	EndProjectSection
EndProject
Project("{8BC9CEB8-8B4A-11D0-8D11-00A0C91BC942}") = "Iex", "Iex\Iex.vcxproj", "{F5D4EE7B-84E6-3B48-A04E-813F14F397B4}"
	ProjectSection(ProjectDependencies) = postProject
		{D273361D-2BE6-33A7-9E6E-F0915C2F4238} = {D273361D-2BE6-33A7-9E6E-F0915C2F4238}
	EndProjectSection
EndProject
Project("{8BC9CEB8-8B4A-11D0-8D11-00A0C91BC942}") = "IexMath", "IexMath\IexMath.vcxproj", "{AC1D2D76-5D3D-3DE0-8321-74DCA9E4F21E}"
	ProjectSection(ProjectDependencies) = postProject
		{F5D4EE7B-84E6-3B48-A04E-813F14F397B4} = {F5D4EE7B-84E6-3B48-A04E-813F14F397B4}
		{D273361D-2BE6-33A7-9E6E-F0915C2F4238} = {D273361D-2BE6-33A7-9E6E-F0915C2F4238}
	EndProjectSection
EndProject
Project("{8BC9CEB8-8B4A-11D0-8D11-00A0C91BC942}") = "IlmThread", "IlmThread\IlmThread.vcxproj", "{A86B9929-DA4D-3660-A1D1-3B9DD4AF3B5C}"
	ProjectSection(ProjectDependencies) = postProject
		{F5D4EE7B-84E6-3B48-A04E-813F14F397B4} = {F5D4EE7B-84E6-3B48-A04E-813F14F397B4}
		{D273361D-2BE6-33A7-9E6E-F0915C2F4238} = {D273361D-2BE6-33A7-9E6E-F0915C2F4238}
	EndProjectSection
EndProject
Project("{8BC9CEB8-8B4A-11D0-8D11-00A0C91BC942}") = "Imath", "Imath\Imath.vcxproj", "{355F932D-CBA7-31C1-BD80-A946DAD5974C}"
	ProjectSection(ProjectDependencies) = postProject
		{F5D4EE7B-84E6-3B48-A04E-813F14F397B4} = {F5D4EE7B-84E6-3B48-A04E-813F14F397B4}
		{D273361D-2BE6-33A7-9E6E-F0915C2F4238} = {D273361D-2BE6-33A7-9E6E-F0915C2F4238}
	EndProjectSection
EndProject
Project("{8BC9CEB8-8B4A-11D0-8D11-00A0C91BC942}") = "PACKAGE", "PACKAGE.vcxproj", "{AF9FB5DA-2271-34B2-B4FE-F0C9490A01CD}"
	ProjectSection(ProjectDependencies) = postProject
		{8EC117B3-9BB3-3A4F-BEAA-B575F9B79C4B} = {8EC117B3-9BB3-3A4F-BEAA-B575F9B79C4B}
		{D273361D-2BE6-33A7-9E6E-F0915C2F4238} = {D273361D-2BE6-33A7-9E6E-F0915C2F4238}
	EndProjectSection
EndProject
Project("{8BC9CEB8-8B4A-11D0-8D11-00A0C91BC942}") = "ZERO_CHECK", "..\..\..\\ZERO_CHECK.vcxproj", "{D273361D-2BE6-33A7-9E6E-F0915C2F4238}"
	ProjectSection(ProjectDependencies) = postProject
	EndProjectSection
EndProject
Project("{8BC9CEB8-8B4A-11D0-8D11-00A0C91BC942}") = "eLut", "Half\eLut.vcxproj", "{952AA2C2-8E87-3F1E-B96C-B6459B4DCEDD}"
	ProjectSection(ProjectDependencies) = postProject
		{D273361D-2BE6-33A7-9E6E-F0915C2F4238} = {D273361D-2BE6-33A7-9E6E-F0915C2F4238}
	EndProjectSection
EndProject
Project("{8BC9CEB8-8B4A-11D0-8D11-00A0C91BC942}") = "toFloat", "Half\toFloat.vcxproj", "{89A57AAF-8832-353A-A2E0-763291226FE6}"
	ProjectSection(ProjectDependencies) = postProject
		{D273361D-2BE6-33A7-9E6E-F0915C2F4238} = {D273361D-2BE6-33A7-9E6E-F0915C2F4238}
	EndProjectSection
EndProject
Global
	GlobalSection(SolutionConfigurationPlatforms) = preSolution
		Debug|x64 = Debug|x64
		Release|x64 = Release|x64
		MinSizeRel|x64 = MinSizeRel|x64
		RelWithDebInfo|x64 = RelWithDebInfo|x64
	EndGlobalSection
	GlobalSection(ProjectConfigurationPlatforms) = postSolution
		{8EC117B3-9BB3-3A4F-BEAA-B575F9B79C4B}.Debug|x64.ActiveCfg = Debug|x64
		{8EC117B3-9BB3-3A4F-BEAA-B575F9B79C4B}.Debug|x64.Build.0 = Debug|x64
		{8EC117B3-9BB3-3A4F-BEAA-B575F9B79C4B}.Release|x64.ActiveCfg = Release|x64
		{8EC117B3-9BB3-3A4F-BEAA-B575F9B79C4B}.Release|x64.Build.0 = Release|x64
		{8EC117B3-9BB3-3A4F-BEAA-B575F9B79C4B}.MinSizeRel|x64.ActiveCfg = MinSizeRel|x64
		{8EC117B3-9BB3-3A4F-BEAA-B575F9B79C4B}.MinSizeRel|x64.Build.0 = MinSizeRel|x64
		{8EC117B3-9BB3-3A4F-BEAA-B575F9B79C4B}.RelWithDebInfo|x64.ActiveCfg = RelWithDebInfo|x64
		{8EC117B3-9BB3-3A4F-BEAA-B575F9B79C4B}.RelWithDebInfo|x64.Build.0 = RelWithDebInfo|x64
		{17521FC8-9ABB-3111-BE46-D37E578A7F21}.Debug|x64.ActiveCfg = Debug|x64
		{17521FC8-9ABB-3111-BE46-D37E578A7F21}.Debug|x64.Build.0 = Debug|x64
		{17521FC8-9ABB-3111-BE46-D37E578A7F21}.Release|x64.ActiveCfg = Release|x64
		{17521FC8-9ABB-3111-BE46-D37E578A7F21}.Release|x64.Build.0 = Release|x64
		{17521FC8-9ABB-3111-BE46-D37E578A7F21}.MinSizeRel|x64.ActiveCfg = MinSizeRel|x64
		{17521FC8-9ABB-3111-BE46-D37E578A7F21}.MinSizeRel|x64.Build.0 = MinSizeRel|x64
		{17521FC8-9ABB-3111-BE46-D37E578A7F21}.RelWithDebInfo|x64.ActiveCfg = RelWithDebInfo|x64
		{17521FC8-9ABB-3111-BE46-D37E578A7F21}.RelWithDebInfo|x64.Build.0 = RelWithDebInfo|x64
		{44B4BCDC-AFA1-3736-9DBC-7BEF0244F95D}.Debug|x64.ActiveCfg = Debug|x64
		{44B4BCDC-AFA1-3736-9DBC-7BEF0244F95D}.Release|x64.ActiveCfg = Release|x64
		{44B4BCDC-AFA1-3736-9DBC-7BEF0244F95D}.MinSizeRel|x64.ActiveCfg = MinSizeRel|x64
		{44B4BCDC-AFA1-3736-9DBC-7BEF0244F95D}.RelWithDebInfo|x64.ActiveCfg = RelWithDebInfo|x64
		{F5D4EE7B-84E6-3B48-A04E-813F14F397B4}.Debug|x64.ActiveCfg = Debug|x64
		{F5D4EE7B-84E6-3B48-A04E-813F14F397B4}.Debug|x64.Build.0 = Debug|x64
		{F5D4EE7B-84E6-3B48-A04E-813F14F397B4}.Release|x64.ActiveCfg = Release|x64
		{F5D4EE7B-84E6-3B48-A04E-813F14F397B4}.Release|x64.Build.0 = Release|x64
		{F5D4EE7B-84E6-3B48-A04E-813F14F397B4}.MinSizeRel|x64.ActiveCfg = MinSizeRel|x64
		{F5D4EE7B-84E6-3B48-A04E-813F14F397B4}.MinSizeRel|x64.Build.0 = MinSizeRel|x64
		{F5D4EE7B-84E6-3B48-A04E-813F14F397B4}.RelWithDebInfo|x64.ActiveCfg = RelWithDebInfo|x64
		{F5D4EE7B-84E6-3B48-A04E-813F14F397B4}.RelWithDebInfo|x64.Build.0 = RelWithDebInfo|x64
		{AC1D2D76-5D3D-3DE0-8321-74DCA9E4F21E}.Debug|x64.ActiveCfg = Debug|x64
		{AC1D2D76-5D3D-3DE0-8321-74DCA9E4F21E}.Debug|x64.Build.0 = Debug|x64
		{AC1D2D76-5D3D-3DE0-8321-74DCA9E4F21E}.Release|x64.ActiveCfg = Release|x64
		{AC1D2D76-5D3D-3DE0-8321-74DCA9E4F21E}.Release|x64.Build.0 = Release|x64
		{AC1D2D76-5D3D-3DE0-8321-74DCA9E4F21E}.MinSizeRel|x64.ActiveCfg = MinSizeRel|x64
		{AC1D2D76-5D3D-3DE0-8321-74DCA9E4F21E}.MinSizeRel|x64.Build.0 = MinSizeRel|x64
		{AC1D2D76-5D3D-3DE0-8321-74DCA9E4F21E}.RelWithDebInfo|x64.ActiveCfg = RelWithDebInfo|x64
		{AC1D2D76-5D3D-3DE0-8321-74DCA9E4F21E}.RelWithDebInfo|x64.Build.0 = RelWithDebInfo|x64
		{A86B9929-DA4D-3660-A1D1-3B9DD4AF3B5C}.Debug|x64.ActiveCfg = Debug|x64
		{A86B9929-DA4D-3660-A1D1-3B9DD4AF3B5C}.Debug|x64.Build.0 = Debug|x64
		{A86B9929-DA4D-3660-A1D1-3B9DD4AF3B5C}.Release|x64.ActiveCfg = Release|x64
		{A86B9929-DA4D-3660-A1D1-3B9DD4AF3B5C}.Release|x64.Build.0 = Release|x64
		{A86B9929-DA4D-3660-A1D1-3B9DD4AF3B5C}.MinSizeRel|x64.ActiveCfg = MinSizeRel|x64
		{A86B9929-DA4D-3660-A1D1-3B9DD4AF3B5C}.MinSizeRel|x64.Build.0 = MinSizeRel|x64
		{A86B9929-DA4D-3660-A1D1-3B9DD4AF3B5C}.RelWithDebInfo|x64.ActiveCfg = RelWithDebInfo|x64
		{A86B9929-DA4D-3660-A1D1-3B9DD4AF3B5C}.RelWithDebInfo|x64.Build.0 = RelWithDebInfo|x64
		{355F932D-CBA7-31C1-BD80-A946DAD5974C}.Debug|x64.ActiveCfg = Debug|x64
		{355F932D-CBA7-31C1-BD80-A946DAD5974C}.Debug|x64.Build.0 = Debug|x64
		{355F932D-CBA7-31C1-BD80-A946DAD5974C}.Release|x64.ActiveCfg = Release|x64
		{355F932D-CBA7-31C1-BD80-A946DAD5974C}.Release|x64.Build.0 = Release|x64
		{355F932D-CBA7-31C1-BD80-A946DAD5974C}.MinSizeRel|x64.ActiveCfg = MinSizeRel|x64
		{355F932D-CBA7-31C1-BD80-A946DAD5974C}.MinSizeRel|x64.Build.0 = MinSizeRel|x64
		{355F932D-CBA7-31C1-BD80-A946DAD5974C}.RelWithDebInfo|x64.ActiveCfg = RelWithDebInfo|x64
		{355F932D-CBA7-31C1-BD80-A946DAD5974C}.RelWithDebInfo|x64.Build.0 = RelWithDebInfo|x64
		{AF9FB5DA-2271-34B2-B4FE-F0C9490A01CD}.Debug|x64.ActiveCfg = Debug|x64
		{AF9FB5DA-2271-34B2-B4FE-F0C9490A01CD}.Release|x64.ActiveCfg = Release|x64
		{AF9FB5DA-2271-34B2-B4FE-F0C9490A01CD}.MinSizeRel|x64.ActiveCfg = MinSizeRel|x64
		{AF9FB5DA-2271-34B2-B4FE-F0C9490A01CD}.RelWithDebInfo|x64.ActiveCfg = RelWithDebInfo|x64
		{D273361D-2BE6-33A7-9E6E-F0915C2F4238}.Debug|x64.ActiveCfg = Debug|x64
		{D273361D-2BE6-33A7-9E6E-F0915C2F4238}.Debug|x64.Build.0 = Debug|x64
		{D273361D-2BE6-33A7-9E6E-F0915C2F4238}.Release|x64.ActiveCfg = Release|x64
		{D273361D-2BE6-33A7-9E6E-F0915C2F4238}.Release|x64.Build.0 = Release|x64
		{D273361D-2BE6-33A7-9E6E-F0915C2F4238}.MinSizeRel|x64.ActiveCfg = MinSizeRel|x64
		{D273361D-2BE6-33A7-9E6E-F0915C2F4238}.MinSizeRel|x64.Build.0 = MinSizeRel|x64
		{D273361D-2BE6-33A7-9E6E-F0915C2F4238}.RelWithDebInfo|x64.ActiveCfg = RelWithDebInfo|x64
		{D273361D-2BE6-33A7-9E6E-F0915C2F4238}.RelWithDebInfo|x64.Build.0 = RelWithDebInfo|x64
		{952AA2C2-8E87-3F1E-B96C-B6459B4DCEDD}.Debug|x64.ActiveCfg = Debug|x64
		{952AA2C2-8E87-3F1E-B96C-B6459B4DCEDD}.Debug|x64.Build.0 = Debug|x64
		{952AA2C2-8E87-3F1E-B96C-B6459B4DCEDD}.Release|x64.ActiveCfg = Release|x64
		{952AA2C2-8E87-3F1E-B96C-B6459B4DCEDD}.Release|x64.Build.0 = Release|x64
		{952AA2C2-8E87-3F1E-B96C-B6459B4DCEDD}.MinSizeRel|x64.ActiveCfg = MinSizeRel|x64
		{952AA2C2-8E87-3F1E-B96C-B6459B4DCEDD}.MinSizeRel|x64.Build.0 = MinSizeRel|x64
		{952AA2C2-8E87-3F1E-B96C-B6459B4DCEDD}.RelWithDebInfo|x64.ActiveCfg = RelWithDebInfo|x64
		{952AA2C2-8E87-3F1E-B96C-B6459B4DCEDD}.RelWithDebInfo|x64.Build.0 = RelWithDebInfo|x64
		{89A57AAF-8832-353A-A2E0-763291226FE6}.Debug|x64.ActiveCfg = Debug|x64
		{89A57AAF-8832-353A-A2E0-763291226FE6}.Debug|x64.Build.0 = Debug|x64
		{89A57AAF-8832-353A-A2E0-763291226FE6}.Release|x64.ActiveCfg = Release|x64
		{89A57AAF-8832-353A-A2E0-763291226FE6}.Release|x64.Build.0 = Release|x64
		{89A57AAF-8832-353A-A2E0-763291226FE6}.MinSizeRel|x64.ActiveCfg = MinSizeRel|x64
		{89A57AAF-8832-353A-A2E0-763291226FE6}.MinSizeRel|x64.Build.0 = MinSizeRel|x64
		{89A57AAF-8832-353A-A2E0-763291226FE6}.RelWithDebInfo|x64.ActiveCfg = RelWithDebInfo|x64
		{89A57AAF-8832-353A-A2E0-763291226FE6}.RelWithDebInfo|x64.Build.0 = RelWithDebInfo|x64
	EndGlobalSection
	GlobalSection(NestedProjects) = preSolution
		{8EC117B3-9BB3-3A4F-BEAA-B575F9B79C4B} = {66A7D9D8-A056-35E4-A818-56238DBA0668}
		{44B4BCDC-AFA1-3736-9DBC-7BEF0244F95D} = {66A7D9D8-A056-35E4-A818-56238DBA0668}
		{AF9FB5DA-2271-34B2-B4FE-F0C9490A01CD} = {66A7D9D8-A056-35E4-A818-56238DBA0668}
		{D273361D-2BE6-33A7-9E6E-F0915C2F4238} = {66A7D9D8-A056-35E4-A818-56238DBA0668}
		{17521FC8-9ABB-3111-BE46-D37E578A7F21} = {058BE0AB-BC1C-3226-91EF-0FF0F05D366B}
		{F5D4EE7B-84E6-3B48-A04E-813F14F397B4} = {058BE0AB-BC1C-3226-91EF-0FF0F05D366B}
		{AC1D2D76-5D3D-3DE0-8321-74DCA9E4F21E} = {058BE0AB-BC1C-3226-91EF-0FF0F05D366B}
		{A86B9929-DA4D-3660-A1D1-3B9DD4AF3B5C} = {058BE0AB-BC1C-3226-91EF-0FF0F05D366B}
		{355F932D-CBA7-31C1-BD80-A946DAD5974C} = {058BE0AB-BC1C-3226-91EF-0FF0F05D366B}
		{952AA2C2-8E87-3F1E-B96C-B6459B4DCEDD} = {058BE0AB-BC1C-3226-91EF-0FF0F05D366B}
		{89A57AAF-8832-353A-A2E0-763291226FE6} = {058BE0AB-BC1C-3226-91EF-0FF0F05D366B}
	EndGlobalSection
	GlobalSection(ExtensibilityGlobals) = postSolution
		SolutionGuid = {762B1AF1-D2E7-37F4-A36F-1F6A206D9978}
	EndGlobalSection
	GlobalSection(ExtensibilityAddIns) = postSolution
	EndGlobalSection
EndGlobal
