Microsoft Visual Studio Solution File, Format Version 12.00
# Visual Studio 16
Project("{2150E333-8FDC-42A3-9474-1A3956D46DE8}") = "CMakePredefinedTargets", "CMakePredefinedTargets", "{66A7D9D8-A056-35E4-A818-56238DBA0668}"
EndProject
Project("{2150E333-8FDC-42A3-9474-1A3956D46DE8}") = "dependencies", "dependencies", "{058BE0AB-BC1C-3226-91EF-0FF0F05D366B}"
EndProject
Project("{8BC9CEB8-8B4A-11D0-8D11-00A0C91BC942}") = "ALL_BUILD", "ALL_BUILD.vcxproj", "{8EC117B3-9BB3-3A4F-BEAA-B575F9B79C4B}"
	ProjectSection(ProjectDependencies) = postProject
		{D273361D-2BE6-33A7-9E6E-F0915C2F4238} = {D273361D-2BE6-33A7-9E6E-F0915C2F4238}
		{34B62F64-F0ED-3C3D-A854-501544753DAF} = {34B62F64-F0ED-3C3D-A854-501544753DAF}
	EndProjectSection
EndProject
Project("{8BC9CEB8-8B4A-11D0-8D11-00A0C91BC942}") = "INSTALL", "INSTALL.vcxproj", "{44B4BCDC-AFA1-3736-9DBC-7BEF0244F95D}"
	ProjectSection(ProjectDependencies) = postProject
		{8EC117B3-9BB3-3A4F-BEAA-B575F9B79C4B} = {8EC117B3-9BB3-3A4F-BEAA-B575F9B79C4B}
		{D273361D-2BE6-33A7-9E6E-F0915C2F4238} = {D273361D-2BE6-33A7-9E6E-F0915C2F4238}
	EndProjectSection
EndProject
Project("{8BC9CEB8-8B4A-11D0-8D11-00A0C91BC942}") = "PACKAGE", "PACKAGE.vcxproj", "{AF9FB5DA-2271-34B2-B4FE-F0C9490A01CD}"
	ProjectSection(ProjectDependencies) = postProject
		{8EC117B3-9BB3-3A4F-BEAA-B575F9B79C4B} = {8EC117B3-9BB3-3A4F-BEAA-B575F9B79C4B}
		{D273361D-2BE6-33A7-9E6E-F0915C2F4238} = {D273361D-2BE6-33A7-9E6E-F0915C2F4238}
	EndProjectSection
EndProject
Project("{8BC9CEB8-8B4A-11D0-8D11-00A0C91BC942}") = "ZERO_CHECK", "..\..\\ZERO_CHECK.vcxproj", "{D273361D-2BE6-33A7-9E6E-F0915C2F4238}"
	ProjectSection(ProjectDependencies) = postProject
	EndProjectSection
EndProject
Project("{8BC9CEB8-8B4A-11D0-8D11-00A0C91BC942}") = "zlibstatic", "zlibstatic.vcxproj", "{34B62F64-F0ED-3C3D-A854-501544753DAF}"
	ProjectSection(ProjectDependencies) = postProject
		{D273361D-2BE6-33A7-9E6E-F0915C2F4238} = {D273361D-2BE6-33A7-9E6E-F0915C2F4238}
	EndProjectSection
EndProject
Global
	GlobalSection(SolutionConfigurationPlatforms) = preSolution
		Debug|x64 = Debug|x64
		Release|x64 = Release|x64
		MinSizeRel|x64 = MinSizeRel|x64
		RelWithDebInfo|x64 = RelWithDebInfo|x64
	EndGlobalSection
	GlobalSection(ProjectConfigurationPlatforms) = postSolution
		{8EC117B3-9BB3-3A4F-BEAA-B575F9B79C4B}.Debug|x64.ActiveCfg = Debug|x64
		{8EC117B3-9BB3-3A4F-BEAA-B575F9B79C4B}.Debug|x64.Build.0 = Debug|x64
		{8EC117B3-9BB3-3A4F-BEAA-B575F9B79C4B}.Release|x64.ActiveCfg = Release|x64
		{8EC117B3-9BB3-3A4F-BEAA-B575F9B79C4B}.Release|x64.Build.0 = Release|x64
		{8EC117B3-9BB3-3A4F-BEAA-B575F9B79C4B}.MinSizeRel|x64.ActiveCfg = MinSizeRel|x64
		{8EC117B3-9BB3-3A4F-BEAA-B575F9B79C4B}.MinSizeRel|x64.Build.0 = MinSizeRel|x64
		{8EC117B3-9BB3-3A4F-BEAA-B575F9B79C4B}.RelWithDebInfo|x64.ActiveCfg = RelWithDebInfo|x64
		{8EC117B3-9BB3-3A4F-BEAA-B575F9B79C4B}.RelWithDebInfo|x64.Build.0 = RelWithDebInfo|x64
		{44B4BCDC-AFA1-3736-9DBC-7BEF0244F95D}.Debug|x64.ActiveCfg = Debug|x64
		{44B4BCDC-AFA1-3736-9DBC-7BEF0244F95D}.Release|x64.ActiveCfg = Release|x64
		{44B4BCDC-AFA1-3736-9DBC-7BEF0244F95D}.MinSizeRel|x64.ActiveCfg = MinSizeRel|x64
		{44B4BCDC-AFA1-3736-9DBC-7BEF0244F95D}.RelWithDebInfo|x64.ActiveCfg = RelWithDebInfo|x64
		{AF9FB5DA-2271-34B2-B4FE-F0C9490A01CD}.Debug|x64.ActiveCfg = Debug|x64
		{AF9FB5DA-2271-34B2-B4FE-F0C9490A01CD}.Release|x64.ActiveCfg = Release|x64
		{AF9FB5DA-2271-34B2-B4FE-F0C9490A01CD}.MinSizeRel|x64.ActiveCfg = MinSizeRel|x64
		{AF9FB5DA-2271-34B2-B4FE-F0C9490A01CD}.RelWithDebInfo|x64.ActiveCfg = RelWithDebInfo|x64
		{D273361D-2BE6-33A7-9E6E-F0915C2F4238}.Debug|x64.ActiveCfg = Debug|x64
		{D273361D-2BE6-33A7-9E6E-F0915C2F4238}.Debug|x64.Build.0 = Debug|x64
		{D273361D-2BE6-33A7-9E6E-F0915C2F4238}.Release|x64.ActiveCfg = Release|x64
		{D273361D-2BE6-33A7-9E6E-F0915C2F4238}.Release|x64.Build.0 = Release|x64
		{D273361D-2BE6-33A7-9E6E-F0915C2F4238}.MinSizeRel|x64.ActiveCfg = MinSizeRel|x64
		{D273361D-2BE6-33A7-9E6E-F0915C2F4238}.MinSizeRel|x64.Build.0 = MinSizeRel|x64
		{D273361D-2BE6-33A7-9E6E-F0915C2F4238}.RelWithDebInfo|x64.ActiveCfg = RelWithDebInfo|x64
		{D273361D-2BE6-33A7-9E6E-F0915C2F4238}.RelWithDebInfo|x64.Build.0 = RelWithDebInfo|x64
		{34B62F64-F0ED-3C3D-A854-501544753DAF}.Debug|x64.ActiveCfg = Debug|x64
		{34B62F64-F0ED-3C3D-A854-501544753DAF}.Debug|x64.Build.0 = Debug|x64
		{34B62F64-F0ED-3C3D-A854-501544753DAF}.Release|x64.ActiveCfg = Release|x64
		{34B62F64-F0ED-3C3D-A854-501544753DAF}.Release|x64.Build.0 = Release|x64
		{34B62F64-F0ED-3C3D-A854-501544753DAF}.MinSizeRel|x64.ActiveCfg = MinSizeRel|x64
		{34B62F64-F0ED-3C3D-A854-501544753DAF}.MinSizeRel|x64.Build.0 = MinSizeRel|x64
		{34B62F64-F0ED-3C3D-A854-501544753DAF}.RelWithDebInfo|x64.ActiveCfg = RelWithDebInfo|x64
		{34B62F64-F0ED-3C3D-A854-501544753DAF}.RelWithDebInfo|x64.Build.0 = RelWithDebInfo|x64
	EndGlobalSection
	GlobalSection(NestedProjects) = preSolution
		{8EC117B3-9BB3-3A4F-BEAA-B575F9B79C4B} = {66A7D9D8-A056-35E4-A818-56238DBA0668}
		{44B4BCDC-AFA1-3736-9DBC-7BEF0244F95D} = {66A7D9D8-A056-35E4-A818-56238DBA0668}
		{AF9FB5DA-2271-34B2-B4FE-F0C9490A01CD} = {66A7D9D8-A056-35E4-A818-56238DBA0668}
		{D273361D-2BE6-33A7-9E6E-F0915C2F4238} = {66A7D9D8-A056-35E4-A818-56238DBA0668}
		{34B62F64-F0ED-3C3D-A854-501544753DAF} = {058BE0AB-BC1C-3226-91EF-0FF0F05D366B}
	EndGlobalSection
	GlobalSection(ExtensibilityGlobals) = postSolution
		SolutionGuid = {BE3840EE-931C-308C-840E-2B6E3979DF41}
	EndGlobalSection
	GlobalSection(ExtensibilityAddIns) = postSolution
	EndGlobalSection
EndGlobal
